// !$*UTF8*$!
{
	archiveVersion = 1;
	classes = {
	};
	objectVersion = 50;
	objects = {

/* Begin PBXBuildFile section */
		04CA2EB02A0CCAA1004383C3 /* AppDelegate.swift in Sources */ = {isa = PBXBuildFile; fileRef = 04CA2EAF2A0CCAA1004383C3 /* AppDelegate.swift */; };
		04CA2EB22A0CCAA1004383C3 /* SceneDelegate.swift in Sources */ = {isa = PBXBuildFile; fileRef = 04CA2EB12A0CCAA1004383C3 /* SceneDelegate.swift */; };
		04CA2EB42A0CCAA1004383C3 /* ViewController.swift in Sources */ = {isa = PBXBuildFile; fileRef = 04CA2EB32A0CCAA1004383C3 /* ViewController.swift */; };
		04CA2EB72A0CCAA1004383C3 /* Main.storyboard in Resources */ = {isa = PBXBuildFile; fileRef = 04CA2EB52A0CCAA1004383C3 /* Main.storyboard */; };
		04CA2EB92A0CCAB6004383C3 /* Assets.xcassets in Resources */ = {isa = PBXBuildFile; fileRef = 04CA2EB82A0CCAB6004383C3 /* Assets.xcassets */; };
		04CA2EBC2A0CCAB6004383C3 /* LaunchScreen.storyboard in Resources */ = {isa = PBXBuildFile; fileRef = 04CA2EBA2A0CCAB6004383C3 /* LaunchScreen.storyboard */; };
		04CA2EC52A0CCC98004383C3 /* ArrayListTableViewCell.swift in Sources */ = {isa = PBXBuildFile; fileRef = 04CA2EC42A0CCC98004383C3 /* ArrayListTableViewCell.swift */; };
		04CA2EC82A0CCCAD004383C3 /* DeletedArrayListTableViewCell.swift in Sources */ = {isa = PBXBuildFile; fileRef = 04CA2EC72A0CCCAD004383C3 /* DeletedArrayListTableViewCell.swift */; };
/* End PBXBuildFile section */

/* Begin PBXFileReference section */
		04CA2EAC2A0CCAA1004383C3 /* MachineTest.app */ = {isa = PBXFileReference; explicitFileType = wrapper.application; includeInIndex = 0; path = MachineTest.app; sourceTree = BUILT_PRODUCTS_DIR; };
		04CA2EAF2A0CCAA1004383C3 /* AppDelegate.swift */ = {isa = PBXFileReference; lastKnownFileType = sourcecode.swift; path = AppDelegate.swift; sourceTree = "<group>"; };
		04CA2EB12A0CCAA1004383C3 /* SceneDelegate.swift */ = {isa = PBXFileReference; lastKnownFileType = sourcecode.swift; path = SceneDelegate.swift; sourceTree = "<group>"; };
		04CA2EB32A0CCAA1004383C3 /* ViewController.swift */ = {isa = PBXFileReference; lastKnownFileType = sourcecode.swift; path = ViewController.swift; sourceTree = "<group>"; };
		04CA2EB62A0CCAA1004383C3 /* Base */ = {isa = PBXFileReference; lastKnownFileType = file.storyboard; name = Base; path = Base.lproj/Main.storyboard; sourceTree = "<group>"; };
		04CA2EB82A0CCAB6004383C3 /* Assets.xcassets */ = {isa = PBXFileReference; lastKnownFileType = folder.assetcatalog; path = Assets.xcassets; sourceTree = "<group>"; };
		04CA2EBB2A0CCAB6004383C3 /* Base */ = {isa = PBXFileReference; lastKnownFileType = file.storyboard; name = Base; path = Base.lproj/LaunchScreen.storyboard; sourceTree = "<group>"; };
		04CA2EBD2A0CCAB6004383C3 /* Info.plist */ = {isa = PBXFileReference; lastKnownFileType = text.plist.xml; path = Info.plist; sourceTree = "<group>"; };
		04CA2EC42A0CCC98004383C3 /* ArrayListTableViewCell.swift */ = {isa = PBXFileReference; lastKnownFileType = sourcecode.swift; path = ArrayListTableViewCell.swift; sourceTree = "<group>"; };
		04CA2EC72A0CCCAD004383C3 /* DeletedArrayListTableViewCell.swift */ = {isa = PBXFileReference; lastKnownFileType = sourcecode.swift; path = DeletedArrayListTableViewCell.swift; sourceTree = "<group>"; };
/* End PBXFileReference section */

/* Begin PBXFrameworksBuildPhase section */
		04CA2EA92A0CCAA1004383C3 /* Frameworks */ = {
			isa = PBXFrameworksBuildPhase;
			buildActionMask = 2147483647;
			files = (
			);
			runOnlyForDeploymentPostprocessing = 0;
		};
/* End PBXFrameworksBuildPhase section */

/* Begin PBXGroup section */
		04CA2EA32A0CCAA1004383C3 = {
			isa = PBXGroup;
			children = (
				04CA2EAE2A0CCAA1004383C3 /* MachineTest */,
				04CA2EAD2A0CCAA1004383C3 /* Products */,
			);
			sourceTree = "<group>";
		};
		04CA2EAD2A0CCAA1004383C3 /* Products */ = {
			isa = PBXGroup;
			children = (
				04CA2EAC2A0CCAA1004383C3 /* MachineTest.app */,
			);
			name = Products;
			sourceTree = "<group>";
		};
		04CA2EAE2A0CCAA1004383C3 /* MachineTest */ = {
			isa = PBXGroup;
			children = (
				04CA2EAF2A0CCAA1004383C3 /* AppDelegate.swift */,
				04CA2EB12A0CCAA1004383C3 /* SceneDelegate.swift */,
				04CA2EB32A0CCAA1004383C3 /* ViewController.swift */,
				04CA2EB52A0CCAA1004383C3 /* Main.storyboard */,
				04CA2EC42A0CCC98004383C3 /* ArrayListTableViewCell.swift */,
				04CA2EC72A0CCCAD004383C3 /* DeletedArrayListTableViewCell.swift */,
				04CA2EB82A0CCAB6004383C3 /* Assets.xcassets */,
				04CA2EBA2A0CCAB6004383C3 /* LaunchScreen.storyboard */,
				04CA2EBD2A0CCAB6004383C3 /* Info.plist */,
			);
			path = MachineTest;
			sourceTree = "<group>";
		};
/* End PBXGroup section */

/* Begin PBXNativeTarget section */
		04CA2EAB2A0CCAA1004383C3 /* MachineTest */ = {
			isa = PBXNativeTarget;
			buildConfigurationList = 04CA2EC02A0CCAB6004383C3 /* Build configuration list for PBXNativeTarget "MachineTest" */;
			buildPhases = (
				04CA2EA82A0CCAA1004383C3 /* Sources */,
				04CA2EA92A0CCAA1004383C3 /* Frameworks */,
				04CA2EAA2A0CCAA1004383C3 /* Resources */,
			);
			buildRules = (
			);
			dependencies = (
			);
			name = MachineTest;
			productName = MachineTest;
			productReference = 04CA2EAC2A0CCAA1004383C3 /* MachineTest.app */;
			productType = "com.apple.product-type.application";
		};
/* End PBXNativeTarget section */

/* Begin PBXProject section */
		04CA2EA42A0CCAA1004383C3 /* Project object */ = {
			isa = PBXProject;
			attributes = {
				LastSwiftUpdateCheck = 1240;
				LastUpgradeCheck = 1240;
				TargetAttributes = {
					04CA2EAB2A0CCAA1004383C3 = {
						CreatedOnToolsVersion = 12.4;
					};
				};
			};
			buildConfigurationList = 04CA2EA72A0CCAA1004383C3 /* Build configuration list for PBXProject "MachineTest" */;
			compatibilityVersion = "Xcode 9.3";
			developmentRegion = en;
			hasScannedForEncodings = 0;
			knownRegions = (
				en,
				Base,
			);
			mainGroup = 04CA2EA32A0CCAA1004383C3;
			productRefGroup = 04CA2EAD2A0CCAA1004383C3 /* Products */;
			projectDirPath = "";
			projectRoot = "";
			targets = (
				04CA2EAB2A0CCAA1004383C3 /* MachineTest */,
			);
		};
/* End PBXProject section */

/* Begin PBXResourcesBuildPhase section */
		04CA2EAA2A0CCAA1004383C3 /* Resources */ = {
			isa = PBXResourcesBuildPhase;
			buildActionMask = 2147483647;
			files = (
				04CA2EBC2A0CCAB6004383C3 /* LaunchScreen.storyboard in Resources */,
				04CA2EB92A0CCAB6004383C3 /* Assets.xcassets in Resources */,
				04CA2EB72A0CCAA1004383C3 /* Main.storyboard in Resources */,
			);
			runOnlyForDeploymentPostprocessing = 0;
		};
/* End PBXResourcesBuildPhase section */

/* Begin PBXSourcesBuildPhase section */
		04CA2EA82A0CCAA1004383C3 /* Sources */ = {
			isa = PBXSourcesBuildPhase;
			buildActionMask = 2147483647;
			files = (
				04CA2EB42A0CCAA1004383C3 /* ViewController.swift in Sources */,
				04CA2EC52A0CCC98004383C3 /* ArrayListTableViewCell.swift in Sources */,
				04CA2EB02A0CCAA1004383C3 /* AppDelegate.swift in Sources */,
				04CA2EC82A0CCCAD004383C3 /* DeletedArrayListTableViewCell.swift in Sources */,
				04CA2EB22A0CCAA1004383C3 /* SceneDelegate.swift in Sources */,
			);
			runOnlyForDeploymentPostprocessing = 0;
		};
/* End PBXSourcesBuildPhase section */

/* Begin PBXVariantGroup section */
		04CA2EB52A0CCAA1004383C3 /* Main.storyboard */ = {
			isa = PBXVariantGroup;
			children = (
				04CA2EB62A0CCAA1004383C3 /* Base */,
			);
			name = Main.storyboard;
			sourceTree = "<group>";
		};
		04CA2EBA2A0CCAB6004383C3 /* LaunchScreen.storyboard */ = {
			isa = PBXVariantGroup;
			children = (
				04CA2EBB2A0CCAB6004383C3 /* Base */,
			);
			name = LaunchScreen.storyboard;
			sourceTree = "<group>";
		};
/* End PBXVariantGroup section */

/* Begin XCBuildConfiguration section */
		04CA2EBE2A0CCAB6004383C3 /* Debug */ = {
			isa = XCBuildConfiguration;
			buildSettings = {
				ALWAYS_SEARCH_USER_PATHS = NO;
				CLANG_ANALYZER_NONNULL = YES;
				CLANG_ANALYZER_NUMBER_OBJECT_CONVERSION = YES_AGGRESSIVE;
				CLANG_CXX_LANGUAGE_STANDARD = "gnu++14";
				CLANG_CXX_LIBRARY = "libc++";
				CLANG_ENABLE_MODULES = YES;
				CLANG_ENABLE_OBJC_ARC = YES;
				CLANG_ENABLE_OBJC_WEAK = YES;
				CLANG_WARN_BLOCK_CAPTURE_AUTORELEASING = YES;
				CLANG_WARN_BOOL_CONVERSION = YES;
				CLANG_WARN_COMMA = YES;
				CLANG_WARN_CONSTANT_CONVERSION = YES;
				CLANG_WARN_DEPRECATED_OBJC_IMPLEMENTATIONS = YES;
				CLANG_WARN_DIRECT_OBJC_ISA_USAGE = YES_ERROR;
				CLANG_WARN_DOCUMENTATION_COMMENTS = YES;
				CLANG_WARN_EMPTY_BODY = YES;
				CLANG_WARN_ENUM_CONVERSION = YES;
				CLANG_WARN_INFINITE_RECURSION = YES;
				CLANG_WARN_INT_CONVERSION = YES;
				CLANG_WARN_NON_LITERAL_NULL_CONVERSION = YES;
				CLANG_WARN_OBJC_IMPLICIT_RETAIN_SELF = YES;
				CLANG_WARN_OBJC_LITERAL_CONVERSION = YES;
				CLANG_WARN_OBJC_ROOT_CLASS = YES_ERROR;
				CLANG_WARN_QUOTED_INCLUDE_IN_FRAMEWORK_HEADER = YES;
				CLANG_WARN_RANGE_LOOP_ANALYSIS = YES;
				CLANG_WARN_STRICT_PROTOTYPES = YES;
				CLANG_WARN_SUSPICIOUS_MOVE = YES;
				CLANG_WARN_UNGUARDED_AVAILABILITY = YES_AGGRESSIVE;
				CLANG_WARN_UNREACHABLE_CODE = YES;
				CLANG_WARN__DUPLICATE_METHOD_MATCH = YES;
				COPY_PHASE_STRIP = NO;
				DEBUG_INFORMATION_FORMAT = dwarf;
				ENABLE_STRICT_OBJC_MSGSEND = YES;
				ENABLE_TESTABILITY = YES;
				GCC_C_LANGUAGE_STANDARD = gnu11;
				GCC_DYNAMIC_NO_PIC = NO;
				GCC_NO_COMMON_BLOCKS = YES;
				GCC_OPTIMIZATION_LEVEL = 0;
				GCC_PREPROCESSOR_DEFINITIONS = (
					"DEBUG=1",
					"$(inherited)",
				);
				GCC_WARN_64_TO_32_BIT_CONVERSION = YES;
				GCC_WARN_ABOUT_RETURN_TYPE = YES_ERROR;
				GCC_WARN_UNDECLARED_SELECTOR = YES;
				GCC_WARN_UNINITIALIZED_AUTOS = YES_AGGRESSIVE;
				GCC_WARN_UNUSED_FUNCTION = YES;
				GCC_WARN_UNUSED_VARIABLE = YES;
				IPHONEOS_DEPLOYMENT_TARGET = 14.4;
				MTL_ENABLE_DEBUG_INFO = INCLUDE_SOURCE;
				MTL_FAST_MATH = YES;
				ONLY_ACTIVE_ARCH = YES;
				SDKROOT = iphoneos;
				SWIFT_ACTIVE_COMPILATION_CONDITIONS = DEBUG;
				SWIFT_OPTIMIZATION_LEVEL = "-Onone";
			};
			name = Debug;
		};
		04CA2EBF2A0CCAB6004383C3 /* Release */ = {
			isa = XCBuildConfiguration;
			buildSettings = {
				ALWAYS_SEARCH_USER_PATHS = NO;
				CLANG_ANALYZER_NONNULL = YES;
				CLANG_ANALYZER_NUMBER_OBJECT_CONVERSION = YES_AGGRESSIVE;
				CLANG_CXX_LANGUAGE_STANDARD = "gnu++14";
				CLANG_CXX_LIBRARY = "libc++";
				CLANG_ENABLE_MODULES = YES;
				CLANG_ENABLE_OBJC_ARC = YES;
				CLANG_ENABLE_OBJC_WEAK = YES;
				CLANG_WARN_BLOCK_CAPTURE_AUTORELEASING = YES;
				CLANG_WARN_BOOL_CONVERSION = YES;
				CLANG_WARN_COMMA = YES;
				CLANG_WARN_CONSTANT_CONVERSION = YES;
				CLANG_WARN_DEPRECATED_OBJC_IMPLEMENTATIONS = YES;
				CLANG_WARN_DIRECT_OBJC_ISA_USAGE = YES_ERROR;
				CLANG_WARN_DOCUMENTATION_COMMENTS = YES;
				CLANG_WARN_EMPTY_BODY = YES;
				CLANG_WARN_ENUM_CONVERSION = YES;
				CLANG_WARN_INFINITE_RECURSION = YES;
				CLANG_WARN_INT_CONVERSION = YES;
				CLANG_WARN_NON_LITERAL_NULL_CONVERSION = YES;
				CLANG_WARN_OBJC_IMPLICIT_RETAIN_SELF = YES;
				CLANG_WARN_OBJC_LITERAL_CONVERSION = YES;
				CLANG_WARN_OBJC_ROOT_CLASS = YES_ERROR;
				CLANG_WARN_QUOTED_INCLUDE_IN_FRAMEWORK_HEADER = YES;
				CLANG_WARN_RANGE_LOOP_ANALYSIS = YES;
				CLANG_WARN_STRICT_PROTOTYPES = YES;
				CLANG_WARN_SUSPICIOUS_MOVE = YES;
				CLANG_WARN_UNGUARDED_AVAILABILITY = YES_AGGRESSIVE;
				CLANG_WARN_UNREACHABLE_CODE = YES;
				CLANG_WARN__DUPLICATE_METHOD_MATCH = YES;
				COPY_PHASE_STRIP = NO;
				DEBUG_INFORMATION_FORMAT = "dwarf-with-dsym";
				ENABLE_NS_ASSERTIONS = NO;
				ENABLE_STRICT_OBJC_MSGSEND = YES;
				GCC_C_LANGUAGE_STANDARD = gnu11;
				GCC_NO_COMMON_BLOCKS = YES;
				GCC_WARN_64_TO_32_BIT_CONVERSION = YES;
				GCC_WARN_ABOUT_RETURN_TYPE = YES_ERROR;
				GCC_WARN_UNDECLARED_SELECTOR = YES;
				GCC_WARN_UNINITIALIZED_AUTOS = YES_AGGRESSIVE;
				GCC_WARN_UNUSED_FUNCTION = YES;
				GCC_WARN_UNUSED_VARIABLE = YES;
				IPHONEOS_DEPLOYMENT_TARGET = 14.4;
				MTL_ENABLE_DEBUG_INFO = NO;
				MTL_FAST_MATH = YES;
				SDKROOT = iphoneos;
				SWIFT_COMPILATION_MODE = wholemodule;
				SWIFT_OPTIMIZATION_LEVEL = "-O";
				VALIDATE_PRODUCT = YES;
			};
			name = Release;
		};
		04CA2EC12A0CCAB6004383C3 /* Debug */ = {
			isa = XCBuildConfiguration;
			buildSettings = {
				ASSETCATALOG_COMPILER_APPICON_NAME = AppIcon;
				ASSETCATALOG_COMPILER_GLOBAL_ACCENT_COLOR_NAME = AccentColor;
				CODE_SIGN_STYLE = Automatic;
				INFOPLIST_FILE = MachineTest/Info.plist;
				LD_RUNPATH_SEARCH_PATHS = (
					"$(inherited)",
					"@executable_path/Frameworks",
				);
				PRODUCT_BUNDLE_IDENTIFIER = com.Felix.MachineTest;
				PRODUCT_NAME = "$(TARGET_NAME)";
				SWIFT_VERSION = 5.0;
				TARGETED_DEVICE_FAMILY = "1,2";
			};
			name = Debug;
		};
		04CA2EC22A0CCAB6004383C3 /* Release */ = {
			isa = XCBuildConfiguration;
			buildSettings = {
				ASSETCATALOG_COMPILER_APPICON_NAME = AppIcon;
				ASSETCATALOG_COMPILER_GLOBAL_ACCENT_COLOR_NAME = AccentColor;
				CODE_SIGN_STYLE = Automatic;
				INFOPLIST_FILE = MachineTest/Info.plist;
				LD_RUNPATH_SEARCH_PATHS = (
					"$(inherited)",
					"@executable_path/Frameworks",
				);
				PRODUCT_BUNDLE_IDENTIFIER = com.Felix.MachineTest;
				PRODUCT_NAME = "$(TARGET_NAME)";
				SWIFT_VERSION = 5.0;
				TARGETED_DEVICE_FAMILY = "1,2";
			};
			name = Release;
		};
/* End XCBuildConfiguration section */

/* Begin XCConfigurationList section */
		04CA2EA72A0CCAA1004383C3 /* Build configuration list for PBXProject "MachineTest" */ = {
			isa = XCConfigurationList;
			buildConfigurations = (
				04CA2EBE2A0CCAB6004383C3 /* Debug */,
				04CA2EBF2A0CCAB6004383C3 /* Release */,
			);
			defaultConfigurationIsVisible = 0;
			defaultConfigurationName = Release;
		};
		04CA2EC02A0CCAB6004383C3 /* Build configuration list for PBXNativeTarget "MachineTest" */ = {
			isa = XCConfigurationList;
			buildConfigurations = (
				04CA2EC12A0CCAB6004383C3 /* Debug */,
				04CA2EC22A0CCAB6004383C3 /* Release */,
			);
			defaultConfigurationIsVisible = 0;
			defaultConfigurationName = Release;
		};
/* End XCConfigurationList section */
	};
	rootObject = 04CA2EA42A0CCAA1004383C3 /* Project object */;
}
